dependencies:
- name: postgres
  repository: oci://registry-1.docker.io/cloudpirates
  version: 0.20.0
- name: common
  repository: oci://registry-1.docker.io/bitnamicharts
  version: 2.41.0
digest: sha256:edec2a85b8f039f490004321f9d2bfe700cf027488995d9cd365d0508697ef3f
generated: "2026-08-17T02:49:55.121936508Z"
